github.com/cretz/bine v0.1.0 h1:1/fvhLE+fk0bPzjdO5Ci+0ComYxEMuB1JhM4X5skT3g=
github.com/cretz/bine v0.1.0/go.mod h1:6PF6fWAvYtwjRGkAuDEJeWNOv3a2hUouSP/yRYXmvHw=
golang.org/x/crypto v0.0.0-20190219172222-a4c6cb3142f2 h1:NwxKRvbkH5MsNkvOtPZi3/3kmI8CAzs3mtv+GLQMkNo=
golang.org/x/crypto v0.0.0-20190219172222-a4c6cb3142f2/go.mod h1:6SG95UA2DQfeDnfUPMdvaQW0Q7yPrPDi9nlGo2tz2b4=
golang.org/x/net v0.0.0-20190213061140-3a22650c66bd h1:HuTn7WObtcDo9uEEU7rEqL0jYthdXAmZ6PP+meazmaU=
golang.org/x/net v0.0.0-20190213061140-3a22650c66bd/go.mod h1:mL1N/T3taQHkDXs73rZJwtUhF3w3ftmwwsq0BUmARs4=
